
Microsoft Visual Studio Solution File, Format Version 12.00
# Visual Studio Version 17
VisualStudioVersion = 17.0.31903.59
MinimumVisualStudioVersion = 10.0.40219.1
Project("{FAE04EC0-301F-11D3-BF4B-00C04F79EFBC}") = "DistributedMutex", "DistributedMutex\DistributedMutex.csproj", "{75FCC9BC-48D0-4D86-871E-087386F8B602}"
EndProject
Project("{FAE04EC0-301F-11D3-BF4B-00C04F79EFBC}") = "LeaderElectionConsoleWorker", "LeaderElectionConsoleWorker\LeaderElectionConsoleWorker.csproj", "{164AD311-21A1-401D-AF26-E2DE1CD68675}"
EndProject
Global
	GlobalSection(SolutionConfigurationPlatforms) = preSolution
		Debug|Any CPU = Debug|Any CPU
		Release|Any CPU = Release|Any CPU
	EndGlobalSection
	GlobalSection(SolutionProperties) = preSolution
		HideSolutionNode = FALSE
	EndGlobalSection
	GlobalSection(ProjectConfigurationPlatforms) = postSolution
		{75FCC9BC-48D0-4D86-871E-087386F8B602}.Debug|Any CPU.ActiveCfg = Debug|Any CPU
		{75FCC9BC-48D0-4D86-871E-087386F8B602}.Debug|Any CPU.Build.0 = Debug|Any CPU
		{75FCC9BC-48D0-4D86-871E-087386F8B602}.Release|Any CPU.ActiveCfg = Release|Any CPU
		{75FCC9BC-48D0-4D86-871E-087386F8B602}.Release|Any CPU.Build.0 = Release|Any CPU
		{164AD311-21A1-401D-AF26-E2DE1CD68675}.Debug|Any CPU.ActiveCfg = Debug|Any CPU
		{164AD311-21A1-401D-AF26-E2DE1CD68675}.Debug|Any CPU.Build.0 = Debug|Any CPU
		{164AD311-21A1-401D-AF26-E2DE1CD68675}.Release|Any CPU.ActiveCfg = Release|Any CPU
		{164AD311-21A1-401D-AF26-E2DE1CD68675}.Release|Any CPU.Build.0 = Release|Any CPU
	EndGlobalSection
EndGlobal
