
Microsoft Visual Studio Solution File, Format Version 12.00
# Visual Studio 15
VisualStudioVersion = 15.0.28307.136
MinimumVisualStudioVersion = 10.0.40219.1
Project("{9A19103F-16F7-4668-BE54-9A1E7A4F7556}") = "ClientConsumer", "client-consumer\ClientConsumer.csproj", "{3A65E840-1942-49C1-A05D-9F52FFC14DEE}"
EndProject
Project("{9A19103F-16F7-4668-BE54-9A1E7A4F7556}") = "sample-2", "azure-function\sample-2.csproj", "{1C52F404-ED59-4155-98EC-B49286AA2B11}"
EndProject
Global
	GlobalSection(SolutionConfigurationPlatforms) = preSolution
		Debug|Any CPU = Debug|Any CPU
		Release|Any CPU = Release|Any CPU
	EndGlobalSection
	GlobalSection(ProjectConfigurationPlatforms) = postSolution
		{3A65E840-1942-49C1-A05D-9F52FFC14DEE}.Debug|Any CPU.ActiveCfg = Debug|Any CPU
		{3A65E840-1942-49C1-A05D-9F52FFC14DEE}.Debug|Any CPU.Build.0 = Debug|Any CPU
		{3A65E840-1942-49C1-A05D-9F52FFC14DEE}.Release|Any CPU.ActiveCfg = Release|Any CPU
		{3A65E840-1942-49C1-A05D-9F52FFC14DEE}.Release|Any CPU.Build.0 = Release|Any CPU
		{1C52F404-ED59-4155-98EC-B49286AA2B11}.Debug|Any CPU.ActiveCfg = Debug|Any CPU
		{1C52F404-ED59-4155-98EC-B49286AA2B11}.Debug|Any CPU.Build.0 = Debug|Any CPU
		{1C52F404-ED59-4155-98EC-B49286AA2B11}.Release|Any CPU.ActiveCfg = Release|Any CPU
		{1C52F404-ED59-4155-98EC-B49286AA2B11}.Release|Any CPU.Build.0 = Release|Any CPU
	EndGlobalSection
	GlobalSection(SolutionProperties) = preSolution
		HideSolutionNode = FALSE
	EndGlobalSection
	GlobalSection(ExtensibilityGlobals) = postSolution
		SolutionGuid = {E5A05A3A-A33C-452B-B507-BAB39E5D3F00}
	EndGlobalSection
EndGlobal
