
Microsoft Visual Studio Solution File, Format Version 12.00
# Visual Studio 15
VisualStudioVersion = 15.0.28010.2048
MinimumVisualStudioVersion = 10.0.40219.1
Project("{9A19103F-16F7-4668-BE54-9A1E7A4F7556}") = "client-consumer", "client-consumer.csproj", "{568F7782-257A-40E0-A1D3-482E1F94FD1C}"
EndProject
Global
	GlobalSection(SolutionConfigurationPlatforms) = preSolution
		Debug|Any CPU = Debug|Any CPU
		Release|Any CPU = Release|Any CPU
	EndGlobalSection
	GlobalSection(ProjectConfigurationPlatforms) = postSolution
		{568F7782-257A-40E0-A1D3-482E1F94FD1C}.Debug|Any CPU.ActiveCfg = Debug|Any CPU
		{568F7782-257A-40E0-A1D3-482E1F94FD1C}.Debug|Any CPU.Build.0 = Debug|Any CPU
		{568F7782-257A-40E0-A1D3-482E1F94FD1C}.Release|Any CPU.ActiveCfg = Release|Any CPU
		{568F7782-257A-40E0-A1D3-482E1F94FD1C}.Release|Any CPU.Build.0 = Release|Any CPU
	EndGlobalSection
	GlobalSection(SolutionProperties) = preSolution
		HideSolutionNode = FALSE
	EndGlobalSection
	GlobalSection(ExtensibilityGlobals) = postSolution
		SolutionGuid = {1B1FEA88-54B9-477B-927B-F3542A3AA1B6}
	EndGlobalSection
EndGlobal
