
Microsoft Visual Studio Solution File, Format Version 12.00
# Visual Studio Version 17
VisualStudioVersion = 17.0.31903.59
MinimumVisualStudioVersion = 10.0.40219.1
Project("{FAE04EC0-301F-11D3-BF4B-00C04F79EFBC}") = "ValetKey.Client", "ValetKey.Client\ValetKey.Client.csproj", "{88CAEBC2-7709-46CA-BABC-347BF00A5B54}"
EndProject
Project("{FAE04EC0-301F-11D3-BF4B-00C04F79EFBC}") = "ValetKey.Web", "ValetKey.Web\ValetKey.Web.csproj", "{DA0A621B-A596-475F-8150-8E647150AC85}"
EndProject
Global
	GlobalSection(SolutionConfigurationPlatforms) = preSolution
		Debug|Any CPU = Debug|Any CPU
		Release|Any CPU = Release|Any CPU
	EndGlobalSection
	GlobalSection(SolutionProperties) = preSolution
		HideSolutionNode = FALSE
	EndGlobalSection
	GlobalSection(ProjectConfigurationPlatforms) = postSolution
		{88CAEBC2-7709-46CA-BABC-347BF00A5B54}.Debug|Any CPU.ActiveCfg = Debug|Any CPU
		{88CAEBC2-7709-46CA-BABC-347BF00A5B54}.Debug|Any CPU.Build.0 = Debug|Any CPU
		{88CAEBC2-7709-46CA-BABC-347BF00A5B54}.Release|Any CPU.ActiveCfg = Release|Any CPU
		{88CAEBC2-7709-46CA-BABC-347BF00A5B54}.Release|Any CPU.Build.0 = Release|Any CPU
		{DA0A621B-A596-475F-8150-8E647150AC85}.Debug|Any CPU.ActiveCfg = Debug|Any CPU
		{DA0A621B-A596-475F-8150-8E647150AC85}.Debug|Any CPU.Build.0 = Debug|Any CPU
		{DA0A621B-A596-475F-8150-8E647150AC85}.Release|Any CPU.ActiveCfg = Release|Any CPU
		{DA0A621B-A596-475F-8150-8E647150AC85}.Release|Any CPU.Build.0 = Release|Any CPU
	EndGlobalSection
EndGlobal
