
Microsoft Visual Studio Solution File, Format Version 12.00
# Visual Studio 2012
Project("{CC5FD16D-436D-48AD-A40C-5A424C6E3E79}") = "PriorityQueue", "PriorityQueue\PriorityQueue.ccproj", "{8EFF3F54-F420-441A-9786-4144FA4C15B2}"
EndProject
Project("{FAE04EC0-301F-11D3-BF4B-00C04F79EFBC}") = "PriorityQueue.High", "PriorityQueue.High\PriorityQueue.High.csproj", "{D33D8C0F-74F6-45C4-B0F8-BE7B0D99A526}"
EndProject
Project("{FAE04EC0-301F-11D3-BF4B-00C04F79EFBC}") = "PriorityQueue.Low", "PriorityQueue.Low\PriorityQueue.Low.csproj", "{42ADB077-95F2-4079-9659-F8C8D9348130}"
EndProject
Project("{FAE04EC0-301F-11D3-BF4B-00C04F79EFBC}") = "PriorityQueue.Sender", "PriorityQueue.Sender\PriorityQueue.Sender.csproj", "{FB5B5A09-3510-4DF8-8AFC-F102D6CAE22B}"
EndProject
Project("{FAE04EC0-301F-11D3-BF4B-00C04F79EFBC}") = "PriorityQueue.Shared", "PriorityQueue.Shared\PriorityQueue.Shared.csproj", "{B2AB9A64-8468-4141-99CB-4E8E78E6382E}"
EndProject
Project("{2150E333-8FDC-42A3-9474-1A3956D46DE8}") = ".nuget", ".nuget", "{6484EB4C-79B7-4EFF-AA43-2953A2ED5119}"
	ProjectSection(SolutionItems) = preProject
		.nuget\NuGet.Config = .nuget\NuGet.Config
		.nuget\NuGet.exe = .nuget\NuGet.exe
		.nuget\NuGet.targets = .nuget\NuGet.targets
	EndProjectSection
EndProject
Project("{2150E333-8FDC-42A3-9474-1A3956D46DE8}") = "Solution Items", "Solution Items", "{5EDEDBDF-7C69-489E-A9E0-AB1E5B2AD481}"
	ProjectSection(SolutionItems) = preProject
		Readme.htm = Readme.htm
		ReleaseNotes.htm = ReleaseNotes.htm
	EndProjectSection
EndProject
Global
	GlobalSection(SolutionConfigurationPlatforms) = preSolution
		Debug|Any CPU = Debug|Any CPU
		Release|Any CPU = Release|Any CPU
	EndGlobalSection
	GlobalSection(ProjectConfigurationPlatforms) = postSolution
		{8EFF3F54-F420-441A-9786-4144FA4C15B2}.Debug|Any CPU.ActiveCfg = Debug|Any CPU
		{8EFF3F54-F420-441A-9786-4144FA4C15B2}.Debug|Any CPU.Build.0 = Debug|Any CPU
		{8EFF3F54-F420-441A-9786-4144FA4C15B2}.Release|Any CPU.ActiveCfg = Release|Any CPU
		{8EFF3F54-F420-441A-9786-4144FA4C15B2}.Release|Any CPU.Build.0 = Release|Any CPU
		{D33D8C0F-74F6-45C4-B0F8-BE7B0D99A526}.Debug|Any CPU.ActiveCfg = Debug|Any CPU
		{D33D8C0F-74F6-45C4-B0F8-BE7B0D99A526}.Debug|Any CPU.Build.0 = Debug|Any CPU
		{D33D8C0F-74F6-45C4-B0F8-BE7B0D99A526}.Release|Any CPU.ActiveCfg = Release|Any CPU
		{D33D8C0F-74F6-45C4-B0F8-BE7B0D99A526}.Release|Any CPU.Build.0 = Release|Any CPU
		{42ADB077-95F2-4079-9659-F8C8D9348130}.Debug|Any CPU.ActiveCfg = Debug|Any CPU
		{42ADB077-95F2-4079-9659-F8C8D9348130}.Debug|Any CPU.Build.0 = Debug|Any CPU
		{42ADB077-95F2-4079-9659-F8C8D9348130}.Release|Any CPU.ActiveCfg = Release|Any CPU
		{42ADB077-95F2-4079-9659-F8C8D9348130}.Release|Any CPU.Build.0 = Release|Any CPU
		{FB5B5A09-3510-4DF8-8AFC-F102D6CAE22B}.Debug|Any CPU.ActiveCfg = Debug|Any CPU
		{FB5B5A09-3510-4DF8-8AFC-F102D6CAE22B}.Debug|Any CPU.Build.0 = Debug|Any CPU
		{FB5B5A09-3510-4DF8-8AFC-F102D6CAE22B}.Release|Any CPU.ActiveCfg = Release|Any CPU
		{FB5B5A09-3510-4DF8-8AFC-F102D6CAE22B}.Release|Any CPU.Build.0 = Release|Any CPU
		{B2AB9A64-8468-4141-99CB-4E8E78E6382E}.Debug|Any CPU.ActiveCfg = Debug|Any CPU
		{B2AB9A64-8468-4141-99CB-4E8E78E6382E}.Debug|Any CPU.Build.0 = Debug|Any CPU
		{B2AB9A64-8468-4141-99CB-4E8E78E6382E}.Release|Any CPU.ActiveCfg = Release|Any CPU
		{B2AB9A64-8468-4141-99CB-4E8E78E6382E}.Release|Any CPU.Build.0 = Release|Any CPU
	EndGlobalSection
	GlobalSection(SolutionProperties) = preSolution
		HideSolutionNode = FALSE
	EndGlobalSection
EndGlobal
