
Microsoft Visual Studio Solution File, Format Version 12.00
# Visual Studio 15
VisualStudioVersion = 15.0.28307.489
MinimumVisualStudioVersion = 10.0.40219.1
Project("{9A19103F-16F7-4668-BE54-9A1E7A4F7556}") = "Fabrikam.DroneDelivery.DroneScheduler", "Fabrikam.DroneDelivery.DroneScheduler.csproj", "{216821A2-AE8C-4C9F-8294-E9E380E9A798}"
EndProject
Project("{9A19103F-16F7-4668-BE54-9A1E7A4F7556}") = "Fabrikam.DroneDelivery.Common", "..\..\delivery\Fabrikam.DroneDelivery.Common\Fabrikam.DroneDelivery.Common.csproj", "{4F2CAA07-3677-467D-831D-76ADDECD4DE8}"
EndProject
Global
	GlobalSection(SolutionConfigurationPlatforms) = preSolution
		Debug|Any CPU = Debug|Any CPU
		Release|Any CPU = Release|Any CPU
	EndGlobalSection
	GlobalSection(ProjectConfigurationPlatforms) = postSolution
		{216821A2-AE8C-4C9F-8294-E9E380E9A798}.Debug|Any CPU.ActiveCfg = Debug|Any CPU
		{216821A2-AE8C-4C9F-8294-E9E380E9A798}.Debug|Any CPU.Build.0 = Debug|Any CPU
		{216821A2-AE8C-4C9F-8294-E9E380E9A798}.Release|Any CPU.ActiveCfg = Release|Any CPU
		{216821A2-AE8C-4C9F-8294-E9E380E9A798}.Release|Any CPU.Build.0 = Release|Any CPU
		{4F2CAA07-3677-467D-831D-76ADDECD4DE8}.Debug|Any CPU.ActiveCfg = Debug|Any CPU
		{4F2CAA07-3677-467D-831D-76ADDECD4DE8}.Debug|Any CPU.Build.0 = Debug|Any CPU
		{4F2CAA07-3677-467D-831D-76ADDECD4DE8}.Release|Any CPU.ActiveCfg = Release|Any CPU
		{4F2CAA07-3677-467D-831D-76ADDECD4DE8}.Release|Any CPU.Build.0 = Release|Any CPU
	EndGlobalSection
	GlobalSection(SolutionProperties) = preSolution
		HideSolutionNode = FALSE
	EndGlobalSection
	GlobalSection(ExtensibilityGlobals) = postSolution
		SolutionGuid = {717BA646-4946-48FF-B29B-520ECA206400}
	EndGlobalSection
EndGlobal
