
Microsoft Visual Studio Solution File, Format Version 12.00
# Visual Studio 2012
Project("{CC5FD16D-436D-48AD-A40C-5A424C6E3E79}") = "RuntimeReconfiguration", "RuntimeReconfiguration\RuntimeReconfiguration.ccproj", "{EDE19C5A-EE9B-40B3-8E09-4304F536A386}"
EndProject
Project("{FAE04EC0-301F-11D3-BF4B-00C04F79EFBC}") = "RuntimeReconfiguration.Web", "RuntimeReconfiguration\RuntimeReconfiguration.Web\RuntimeReconfiguration.Web.csproj", "{67732273-1489-4DE1-A342-6AA551873813}"
EndProject
Project("{2150E333-8FDC-42A3-9474-1A3956D46DE8}") = ".nuget", ".nuget", "{570EBA7F-A582-41B1-9CA6-48F2C47C006C}"
	ProjectSection(SolutionItems) = preProject
		.nuget\NuGet.Config = .nuget\NuGet.Config
		.nuget\NuGet.exe = .nuget\NuGet.exe
		.nuget\NuGet.targets = .nuget\NuGet.targets
	EndProjectSection
EndProject
Project("{2150E333-8FDC-42A3-9474-1A3956D46DE8}") = "Solution Items", "Solution Items", "{3245BBDF-22CB-4D06-8707-18986740237F}"
	ProjectSection(SolutionItems) = preProject
		Readme.htm = Readme.htm
		ReleaseNotes.htm = ReleaseNotes.htm
	EndProjectSection
EndProject
Global
	GlobalSection(SolutionConfigurationPlatforms) = preSolution
		Debug|Any CPU = Debug|Any CPU
		Release|Any CPU = Release|Any CPU
	EndGlobalSection
	GlobalSection(ProjectConfigurationPlatforms) = postSolution
		{EDE19C5A-EE9B-40B3-8E09-4304F536A386}.Debug|Any CPU.ActiveCfg = Debug|Any CPU
		{EDE19C5A-EE9B-40B3-8E09-4304F536A386}.Debug|Any CPU.Build.0 = Debug|Any CPU
		{EDE19C5A-EE9B-40B3-8E09-4304F536A386}.Release|Any CPU.ActiveCfg = Release|Any CPU
		{EDE19C5A-EE9B-40B3-8E09-4304F536A386}.Release|Any CPU.Build.0 = Release|Any CPU
		{67732273-1489-4DE1-A342-6AA551873813}.Debug|Any CPU.ActiveCfg = Debug|Any CPU
		{67732273-1489-4DE1-A342-6AA551873813}.Debug|Any CPU.Build.0 = Debug|Any CPU
		{67732273-1489-4DE1-A342-6AA551873813}.Release|Any CPU.ActiveCfg = Release|Any CPU
		{67732273-1489-4DE1-A342-6AA551873813}.Release|Any CPU.Build.0 = Release|Any CPU
	EndGlobalSection
	GlobalSection(SolutionProperties) = preSolution
		HideSolutionNode = FALSE
	EndGlobalSection
EndGlobal
