
Microsoft Visual Studio Solution File, Format Version 12.00
# Visual Studio 14
VisualStudioVersion = 14.0.25420.1
MinimumVisualStudioVersion = 10.0.40219.1
Project("{2150E333-8FDC-42A3-9474-1A3956D46DE8}") = "Solution Items", "Solution Items", "{6A8D047E-09DF-416B-92DB-684BAB3F30A8}"
	ProjectSection(SolutionItems) = preProject
		Readme.md = Readme.md
	EndProjectSection
EndProject
Project("{FAE04EC0-301F-11D3-BF4B-00C04F79EFBC}") = "DistributedMutex", "DistributedMutex\DistributedMutex.csproj", "{9C695186-E886-422E-B2E1-AE6AA83E5B4B}"
EndProject
Project("{FAE04EC0-301F-11D3-BF4B-00C04F79EFBC}") = "LeaderElection.Tests", "LeaderElection.Tests\LeaderElection.Tests.csproj", "{91E74A26-0DA1-4AAF-943E-53809209C77D}"
EndProject
Project("{A07B5EB6-E848-4116-A8D0-A826331D98C6}") = "LeaderElectionFabric", "LeaderElectionFabric\LeaderElectionFabric.sfproj", "{462F9DD7-6C59-440A-9D69-2F06C2FA01E0}"
EndProject
Project("{FAE04EC0-301F-11D3-BF4B-00C04F79EFBC}") = "LeaderElectionFabric.Worker", "LeaderElectionFabric.Worker\LeaderElectionFabric.Worker.csproj", "{FCA164BE-22F9-4F94-8A0B-F7A5F6140A39}"
EndProject
Global
	GlobalSection(SolutionConfigurationPlatforms) = preSolution
		Debug|Any CPU = Debug|Any CPU
		Debug|x64 = Debug|x64
		Release|Any CPU = Release|Any CPU
		Release|x64 = Release|x64
	EndGlobalSection
	GlobalSection(ProjectConfigurationPlatforms) = postSolution
		{9C695186-E886-422E-B2E1-AE6AA83E5B4B}.Debug|Any CPU.ActiveCfg = Debug|Any CPU
		{9C695186-E886-422E-B2E1-AE6AA83E5B4B}.Debug|Any CPU.Build.0 = Debug|Any CPU
		{9C695186-E886-422E-B2E1-AE6AA83E5B4B}.Debug|x64.ActiveCfg = Debug|Any CPU
		{9C695186-E886-422E-B2E1-AE6AA83E5B4B}.Debug|x64.Build.0 = Debug|Any CPU
		{9C695186-E886-422E-B2E1-AE6AA83E5B4B}.Release|Any CPU.ActiveCfg = Release|Any CPU
		{9C695186-E886-422E-B2E1-AE6AA83E5B4B}.Release|Any CPU.Build.0 = Release|Any CPU
		{9C695186-E886-422E-B2E1-AE6AA83E5B4B}.Release|x64.ActiveCfg = Release|Any CPU
		{9C695186-E886-422E-B2E1-AE6AA83E5B4B}.Release|x64.Build.0 = Release|Any CPU
		{91E74A26-0DA1-4AAF-943E-53809209C77D}.Debug|Any CPU.ActiveCfg = Debug|Any CPU
		{91E74A26-0DA1-4AAF-943E-53809209C77D}.Debug|Any CPU.Build.0 = Debug|Any CPU
		{91E74A26-0DA1-4AAF-943E-53809209C77D}.Debug|x64.ActiveCfg = Debug|Any CPU
		{91E74A26-0DA1-4AAF-943E-53809209C77D}.Debug|x64.Build.0 = Debug|Any CPU
		{91E74A26-0DA1-4AAF-943E-53809209C77D}.Release|Any CPU.ActiveCfg = Release|Any CPU
		{91E74A26-0DA1-4AAF-943E-53809209C77D}.Release|Any CPU.Build.0 = Release|Any CPU
		{91E74A26-0DA1-4AAF-943E-53809209C77D}.Release|x64.ActiveCfg = Release|Any CPU
		{91E74A26-0DA1-4AAF-943E-53809209C77D}.Release|x64.Build.0 = Release|Any CPU
		{462F9DD7-6C59-440A-9D69-2F06C2FA01E0}.Debug|Any CPU.ActiveCfg = Debug|x64
		{462F9DD7-6C59-440A-9D69-2F06C2FA01E0}.Debug|x64.ActiveCfg = Debug|x64
		{462F9DD7-6C59-440A-9D69-2F06C2FA01E0}.Debug|x64.Build.0 = Debug|x64
		{462F9DD7-6C59-440A-9D69-2F06C2FA01E0}.Debug|x64.Deploy.0 = Debug|x64
		{462F9DD7-6C59-440A-9D69-2F06C2FA01E0}.Release|Any CPU.ActiveCfg = Release|x64
		{462F9DD7-6C59-440A-9D69-2F06C2FA01E0}.Release|x64.ActiveCfg = Release|x64
		{462F9DD7-6C59-440A-9D69-2F06C2FA01E0}.Release|x64.Build.0 = Release|x64
		{462F9DD7-6C59-440A-9D69-2F06C2FA01E0}.Release|x64.Deploy.0 = Release|x64
		{FCA164BE-22F9-4F94-8A0B-F7A5F6140A39}.Debug|Any CPU.ActiveCfg = Debug|x64
		{FCA164BE-22F9-4F94-8A0B-F7A5F6140A39}.Debug|x64.ActiveCfg = Debug|x64
		{FCA164BE-22F9-4F94-8A0B-F7A5F6140A39}.Debug|x64.Build.0 = Debug|x64
		{FCA164BE-22F9-4F94-8A0B-F7A5F6140A39}.Release|Any CPU.ActiveCfg = Release|x64
		{FCA164BE-22F9-4F94-8A0B-F7A5F6140A39}.Release|x64.ActiveCfg = Release|x64
		{FCA164BE-22F9-4F94-8A0B-F7A5F6140A39}.Release|x64.Build.0 = Release|x64
	EndGlobalSection
	GlobalSection(SolutionProperties) = preSolution
		HideSolutionNode = FALSE
	EndGlobalSection
EndGlobal
