
Microsoft Visual Studio Solution File, Format Version 12.00
# Visual Studio 14
VisualStudioVersion = 14.0.25123.0
MinimumVisualStudioVersion = 10.0.40219.1
Project("{2150E333-8FDC-42A3-9474-1A3956D46DE8}") = "Solution Items", "Solution Items", "{7C8C48D1-8C35-49A3-A5D1-73C37B24FFC5}"
	ProjectSection(SolutionItems) = preProject
		README.md = README.md
	EndProjectSection
EndProject
Project("{CC5FD16D-436D-48AD-A40C-5A424C6E3E79}") = "CompetingConsumers", "CompetingConsumers\CompetingConsumers.ccproj", "{04E2A0A6-A494-4518-B985-0BB7889DC3BB}"
EndProject
Project("{FAE04EC0-301F-11D3-BF4B-00C04F79EFBC}") = "Receiver", "CompetingConsumers\Receiver\Receiver.csproj", "{44331685-E430-45FE-B8C6-EA0DCB582D4F}"
EndProject
Project("{FAE04EC0-301F-11D3-BF4B-00C04F79EFBC}") = "Sender", "CompetingConsumers\Sender\Sender.csproj", "{1861899C-0770-4B40-B11E-843D02A15BFA}"
EndProject
Project("{FAE04EC0-301F-11D3-BF4B-00C04F79EFBC}") = "CompetingConsumers.Shared", "CompetingConsumers.Shared\CompetingConsumers.Shared.csproj", "{3401CB36-A13C-4FAA-8DE5-EC61B74681F3}"
EndProject
Global
	GlobalSection(SolutionConfigurationPlatforms) = preSolution
		Debug|Any CPU = Debug|Any CPU
		Release|Any CPU = Release|Any CPU
	EndGlobalSection
	GlobalSection(ProjectConfigurationPlatforms) = postSolution
		{04E2A0A6-A494-4518-B985-0BB7889DC3BB}.Debug|Any CPU.ActiveCfg = Debug|Any CPU
		{04E2A0A6-A494-4518-B985-0BB7889DC3BB}.Debug|Any CPU.Build.0 = Debug|Any CPU
		{04E2A0A6-A494-4518-B985-0BB7889DC3BB}.Release|Any CPU.ActiveCfg = Release|Any CPU
		{04E2A0A6-A494-4518-B985-0BB7889DC3BB}.Release|Any CPU.Build.0 = Release|Any CPU
		{44331685-E430-45FE-B8C6-EA0DCB582D4F}.Debug|Any CPU.ActiveCfg = Debug|Any CPU
		{44331685-E430-45FE-B8C6-EA0DCB582D4F}.Debug|Any CPU.Build.0 = Debug|Any CPU
		{44331685-E430-45FE-B8C6-EA0DCB582D4F}.Release|Any CPU.ActiveCfg = Release|Any CPU
		{44331685-E430-45FE-B8C6-EA0DCB582D4F}.Release|Any CPU.Build.0 = Release|Any CPU
		{1861899C-0770-4B40-B11E-843D02A15BFA}.Debug|Any CPU.ActiveCfg = Debug|Any CPU
		{1861899C-0770-4B40-B11E-843D02A15BFA}.Debug|Any CPU.Build.0 = Debug|Any CPU
		{1861899C-0770-4B40-B11E-843D02A15BFA}.Release|Any CPU.ActiveCfg = Release|Any CPU
		{1861899C-0770-4B40-B11E-843D02A15BFA}.Release|Any CPU.Build.0 = Release|Any CPU
		{3401CB36-A13C-4FAA-8DE5-EC61B74681F3}.Debug|Any CPU.ActiveCfg = Debug|Any CPU
		{3401CB36-A13C-4FAA-8DE5-EC61B74681F3}.Debug|Any CPU.Build.0 = Debug|Any CPU
		{3401CB36-A13C-4FAA-8DE5-EC61B74681F3}.Release|Any CPU.ActiveCfg = Release|Any CPU
		{3401CB36-A13C-4FAA-8DE5-EC61B74681F3}.Release|Any CPU.Build.0 = Release|Any CPU
	EndGlobalSection
	GlobalSection(SolutionProperties) = preSolution
		HideSolutionNode = FALSE
	EndGlobalSection
EndGlobal
