
Microsoft Visual Studio Solution File, Format Version 12.00
# Visual Studio Version 16
VisualStudioVersion = 16.0.30114.105
MinimumVisualStudioVersion = 10.0.40219.1
Project("{9A19103F-16F7-4668-BE54-9A1E7A4F7556}") = "ReceiverApp", "CompetingConsumers\ReceiverApp\ReceiverApp.csproj", "{DDAFEEBC-C501-42CD-A878-4B2C68F75B43}"
EndProject
Project("{9A19103F-16F7-4668-BE54-9A1E7A4F7556}") = "SenderApp", "CompetingConsumers\SenderApp\SenderApp.csproj", "{35569E8B-BF82-40C6-AA68-D6E379BD4897}"
EndProject
Project("{9A19103F-16F7-4668-BE54-9A1E7A4F7556}") = "CompetingReceiverApp", "CompetingConsumers\CompetingReceiverApp\CompetingReceiverApp.csproj", "{9968C5AC-BDD7-41BD-A65E-7D432064D8C2}"
EndProject
Global
	GlobalSection(SolutionConfigurationPlatforms) = preSolution
		Debug|Any CPU = Debug|Any CPU
		Release|Any CPU = Release|Any CPU
	EndGlobalSection
	GlobalSection(ProjectConfigurationPlatforms) = postSolution
		{DDAFEEBC-C501-42CD-A878-4B2C68F75B43}.Debug|Any CPU.ActiveCfg = Debug|Any CPU
		{DDAFEEBC-C501-42CD-A878-4B2C68F75B43}.Debug|Any CPU.Build.0 = Debug|Any CPU
		{DDAFEEBC-C501-42CD-A878-4B2C68F75B43}.Release|Any CPU.ActiveCfg = Release|Any CPU
		{DDAFEEBC-C501-42CD-A878-4B2C68F75B43}.Release|Any CPU.Build.0 = Release|Any CPU
		{35569E8B-BF82-40C6-AA68-D6E379BD4897}.Debug|Any CPU.ActiveCfg = Debug|Any CPU
		{35569E8B-BF82-40C6-AA68-D6E379BD4897}.Debug|Any CPU.Build.0 = Debug|Any CPU
		{35569E8B-BF82-40C6-AA68-D6E379BD4897}.Release|Any CPU.ActiveCfg = Release|Any CPU
		{35569E8B-BF82-40C6-AA68-D6E379BD4897}.Release|Any CPU.Build.0 = Release|Any CPU
		{9968C5AC-BDD7-41BD-A65E-7D432064D8C2}.Debug|Any CPU.ActiveCfg = Debug|Any CPU
		{9968C5AC-BDD7-41BD-A65E-7D432064D8C2}.Debug|Any CPU.Build.0 = Debug|Any CPU
		{9968C5AC-BDD7-41BD-A65E-7D432064D8C2}.Release|Any CPU.ActiveCfg = Release|Any CPU
		{9968C5AC-BDD7-41BD-A65E-7D432064D8C2}.Release|Any CPU.Build.0 = Release|Any CPU
	EndGlobalSection
	GlobalSection(SolutionProperties) = preSolution
		HideSolutionNode = FALSE
	EndGlobalSection
	GlobalSection(ExtensibilityGlobals) = postSolution
		SolutionGuid = {9BDB22C5-6098-42AF-9573-C8FDC782CB1D}
	EndGlobalSection
EndGlobal
