
Microsoft Visual Studio Solution File, Format Version 12.00
# Visual Studio 15
VisualStudioVersion = 15.0.28010.2048
MinimumVisualStudioVersion = 10.0.40219.1
Project("{FAE04EC0-301F-11D3-BF4B-00C04F79EFBC}") = "azure-function", "azure-function\azure-function.csproj", "{558EE18A-A82C-4020-B6A0-E1747A742677}"
EndProject
Global
	GlobalSection(SolutionConfigurationPlatforms) = preSolution
		Debug|Any CPU = Debug|Any CPU
		Release|Any CPU = Release|Any CPU
	EndGlobalSection
	GlobalSection(ProjectConfigurationPlatforms) = postSolution
		{558EE18A-A82C-4020-B6A0-E1747A742677}.Debug|Any CPU.ActiveCfg = Debug|Any CPU
		{558EE18A-A82C-4020-B6A0-E1747A742677}.Debug|Any CPU.Build.0 = Debug|Any CPU
		{558EE18A-A82C-4020-B6A0-E1747A742677}.Release|Any CPU.ActiveCfg = Release|Any CPU
		{558EE18A-A82C-4020-B6A0-E1747A742677}.Release|Any CPU.Build.0 = Release|Any CPU
	EndGlobalSection
	GlobalSection(SolutionProperties) = preSolution
		HideSolutionNode = FALSE
	EndGlobalSection
	GlobalSection(ExtensibilityGlobals) = postSolution
		SolutionGuid = {0D34E7F5-35F7-41F0-ACA6-E0187E837934}
	EndGlobalSection
EndGlobal
