
Microsoft Visual Studio Solution File, Format Version 12.00
# Visual Studio Version 17
VisualStudioVersion = 17.9.34723.18
MinimumVisualStudioVersion = 10.0.40219.1
Project("{9A19103F-16F7-4668-BE54-9A1E7A4F7556}") = "FunctionConsumer4", "FunctionConsumer4\FunctionConsumer4.csproj", "{5A7E5D39-BF09-4A3B-A7A1-7084A5359BAA}"
EndProject
Project("{9A19103F-16F7-4668-BE54-9A1E7A4F7556}") = "ClientProducer4", "ClientProducer4\ClientProducer4.csproj", "{CA4D4A68-55B4-496F-B976-D3464076FC62}"
EndProject
Project("{2150E333-8FDC-42A3-9474-1A3956D46DE8}") = "Solution Items", "Solution Items", "{D704D686-1E69-4DF7-B224-B4E5BBF9773B}"
	ProjectSection(SolutionItems) = preProject
		readme.md = readme.md
	EndProjectSection
EndProject
Global
	GlobalSection(SolutionConfigurationPlatforms) = preSolution
		Debug|Any CPU = Debug|Any CPU
		Release|Any CPU = Release|Any CPU
	EndGlobalSection
	GlobalSection(ProjectConfigurationPlatforms) = postSolution
		{5A7E5D39-BF09-4A3B-A7A1-7084A5359BAA}.Debug|Any CPU.ActiveCfg = Debug|Any CPU
		{5A7E5D39-BF09-4A3B-A7A1-7084A5359BAA}.Debug|Any CPU.Build.0 = Debug|Any CPU
		{5A7E5D39-BF09-4A3B-A7A1-7084A5359BAA}.Release|Any CPU.ActiveCfg = Release|Any CPU
		{5A7E5D39-BF09-4A3B-A7A1-7084A5359BAA}.Release|Any CPU.Build.0 = Release|Any CPU
		{CA4D4A68-55B4-496F-B976-D3464076FC62}.Debug|Any CPU.ActiveCfg = Debug|Any CPU
		{CA4D4A68-55B4-496F-B976-D3464076FC62}.Debug|Any CPU.Build.0 = Debug|Any CPU
		{CA4D4A68-55B4-496F-B976-D3464076FC62}.Release|Any CPU.ActiveCfg = Release|Any CPU
		{CA4D4A68-55B4-496F-B976-D3464076FC62}.Release|Any CPU.Build.0 = Release|Any CPU
	EndGlobalSection
	GlobalSection(SolutionProperties) = preSolution
		HideSolutionNode = FALSE
	EndGlobalSection
	GlobalSection(ExtensibilityGlobals) = postSolution
		SolutionGuid = {1B1FEA88-54B9-477B-927B-F3542A3AA1B6}
	EndGlobalSection
EndGlobal
