
Microsoft Visual Studio Solution File, Format Version 12.00
# Visual Studio Version 17
VisualStudioVersion = 17.5.002.0
MinimumVisualStudioVersion = 10.0.40219.1
Project("{9A19103F-16F7-4668-BE54-9A1E7A4F7556}") = "ImageProcessingPipeline", "ImageProcessingPipeline.csproj", "{9E2EFA90-60A5-409A-960F-3C2A5A184264}"
EndProject
Global
	GlobalSection(SolutionConfigurationPlatforms) = preSolution
		Debug|Any CPU = Debug|Any CPU
		Release|Any CPU = Release|Any CPU
	EndGlobalSection
	GlobalSection(ProjectConfigurationPlatforms) = postSolution
		{9E2EFA90-60A5-409A-960F-3C2A5A184264}.Debug|Any CPU.ActiveCfg = Debug|Any CPU
		{9E2EFA90-60A5-409A-960F-3C2A5A184264}.Debug|Any CPU.Build.0 = Debug|Any CPU
		{9E2EFA90-60A5-409A-960F-3C2A5A184264}.Release|Any CPU.ActiveCfg = Release|Any CPU
		{9E2EFA90-60A5-409A-960F-3C2A5A184264}.Release|Any CPU.Build.0 = Release|Any CPU
	EndGlobalSection
	GlobalSection(SolutionProperties) = preSolution
		HideSolutionNode = FALSE
	EndGlobalSection
	GlobalSection(ExtensibilityGlobals) = postSolution
		SolutionGuid = {B7A172BA-FA5D-45FD-B091-E7F55399D039}
	EndGlobalSection
EndGlobal
